{
  "name": "gulp-cson2",
  "version": "1.0.2",
  "lockfileVersion": 1,
  "requires": true,
  "dependencies": {
    "core-util-is": {
      "version": "1.0.2",
      "resolved": "http://registry.npm.taobao.org/core-util-is/download/core-util-is-1.0.2.tgz"
    },
    "inherits": {
      "version": "2.0.3",
      "resolved": "http://registry.npm.taobao.org/inherits/download/inherits-2.0.3.tgz"
    },
    "isarray": {
      "version": "1.0.0",
      "resolved": "http://registry.npm.taobao.org/isarray/download/isarray-1.0.0.tgz"
    },
    "plugin-error": {
      "version": "1.0.1",
      "resolved": "http://registry.npm.taobao.org/plugin-error/download/plugin-error-1.0.1.tgz",
      "requires": {
        "ansi-colors": "1.0.1",
        "arr-diff": "4.0.0",
        "arr-union": "3.1.0",
        "extend-shallow": "3.0.2"
      },
      "dependencies": {
        "ansi-colors": {
          "version": "1.0.1",
          "bundled": true,
          "requires": {
            "ansi-wrap": "0.1.0"
          },
          "dependencies": {
            "ansi-wrap": {
              "version": "0.1.0",
              "bundled": true
            }
          }
        },
        "arr-diff": {
          "version": "4.0.0",
          "bundled": true
        },
        "arr-union": {
          "version": "3.1.0",
          "bundled": true
        },
        "extend-shallow": {
          "version": "3.0.2",
          "bundled": true,
          "requires": {
            "assign-symbols": "1.0.0",
            "is-extendable": "1.0.1"
          },
          "dependencies": {
            "assign-symbols": {
              "version": "1.0.0",
              "bundled": true
            },
            "is-extendable": {
              "version": "1.0.1",
              "bundled": true,
              "requires": {
                "is-plain-object": "2.0.4"
              }
            },
            "is-plain-object": {
              "version": "2.0.4",
              "bundled": true,
              "requires": {
                "isobject": "3.0.1"
              }
            },
            "isobject": {
              "version": "3.0.1",
              "bundled": true
            }
          }
        }
      }
    },
    "process-nextick-args": {
      "version": "2.0.0",
      "resolved": "http://registry.npm.taobao.org/process-nextick-args/download/process-nextick-args-2.0.0.tgz"
    },
    "string_decoder": {
      "version": "1.0.3",
      "resolved": "http://registry.npm.taobao.org/string_decoder/download/string_decoder-1.0.3.tgz",
      "requires": {
        "safe-buffer": "5.1.1"
      },
      "dependencies": {
        "safe-buffer": {
          "version": "5.1.1",
          "bundled": true
        }
      }
    },
    "through2": {
      "version": "2.0.3",
      "resolved": "http://registry.npm.taobao.org/through2/download/through2-2.0.3.tgz",
      "requires": {
        "readable-stream": "2.3.4",
        "xtend": "4.0.1"
      },
      "dependencies": {
        "readable-stream": {
          "version": "2.3.4",
          "bundled": true,
          "requires": {
            "core-util-is": "1.0.2",
            "inherits": "2.0.3",
            "isarray": "1.0.0",
            "process-nextick-args": "2.0.0",
            "safe-buffer": "5.1.1",
            "string_decoder": "1.0.3",
            "util-deprecate": "1.0.2"
          }
        },
        "safe-buffer": {
          "version": "5.1.1",
          "bundled": true
        },
        "xtend": {
          "version": "4.0.1",
          "resolved": "http://registry.npm.taobao.org/xtend/download/xtend-4.0.1.tgz"
        }
      }
    },
    "util-deprecate": {
      "version": "1.0.2",
      "resolved": "http://registry.npm.taobao.org/util-deprecate/download/util-deprecate-1.0.2.tgz"
    }
  }
}
